
Microsoft Visual Studio Solution File, Format Version 12.00
# Visual Studio Version 17
VisualStudioVersion = 17.7.34003.232
MinimumVisualStudioVersion = 10.0.40219.1
Project("{FAE04EC0-301F-11D3-BF4B-00C04F79EFBC}") = "Xamlception", "Xamlception\Xamlception.csproj", "{DD235ACF-7CAC-452A-A4FB-4FA5DC96D7BB}"
EndProject
Project("{FAE04EC0-301F-11D3-BF4B-00C04F79EFBC}") = "Xamlception.WinUI", "Xamlception.WinUI\Xamlception.WinUI.csproj", "{61F09D5A-898F-4D37-9B0D-7C3A6D2C5105}"
EndProject
Global
	GlobalSection(SolutionConfigurationPlatforms) = preSolution
		Debug|Any CPU = Debug|Any CPU
		Debug|ARM = Debug|ARM
		Debug|ARM64 = Debug|ARM64
		Debug|x64 = Debug|x64
		Debug|x86 = Debug|x86
		Release|Any CPU = Release|Any CPU
		Release|ARM = Release|ARM
		Release|ARM64 = Release|ARM64
		Release|x64 = Release|x64
		Release|x86 = Release|x86
	EndGlobalSection
	GlobalSection(ProjectConfigurationPlatforms) = postSolution
		{9BF07AA8-2654-4794-8C39-45A527F81CBE}.Debug|Any CPU.ActiveCfg = Debug|Any CPU
		{9BF07AA8-2654-4794-8C39-45A527F81CBE}.Debug|Any CPU.Build.0 = Debug|Any CPU
		{9BF07AA8-2654-4794-8C39-45A527F81CBE}.Debug|ARM.ActiveCfg = Debug|Any CPU
		{9BF07AA8-2654-4794-8C39-45A527F81CBE}.Debug|ARM.Build.0 = Debug|Any CPU
		{9BF07AA8-2654-4794-8C39-45A527F81CBE}.Debug|ARM64.ActiveCfg = Debug|Any CPU
		{9BF07AA8-2654-4794-8C39-45A527F81CBE}.Debug|ARM64.Build.0 = Debug|Any CPU
		{9BF07AA8-2654-4794-8C39-45A527F81CBE}.Debug|x64.ActiveCfg = Debug|Any CPU
		{9BF07AA8-2654-4794-8C39-45A527F81CBE}.Debug|x64.Build.0 = Debug|Any CPU
		{9BF07AA8-2654-4794-8C39-45A527F81CBE}.Debug|x86.ActiveCfg = Debug|Any CPU
		{9BF07AA8-2654-4794-8C39-45A527F81CBE}.Debug|x86.Build.0 = Debug|Any CPU
		{9BF07AA8-2654-4794-8C39-45A527F81CBE}.Release|Any CPU.ActiveCfg = Release|Any CPU
		{9BF07AA8-2654-4794-8C39-45A527F81CBE}.Release|Any CPU.Build.0 = Release|Any CPU
		{9BF07AA8-2654-4794-8C39-45A527F81CBE}.Release|ARM.ActiveCfg = Release|Any CPU
		{9BF07AA8-2654-4794-8C39-45A527F81CBE}.Release|ARM.Build.0 = Release|Any CPU
		{9BF07AA8-2654-4794-8C39-45A527F81CBE}.Release|ARM64.ActiveCfg = Release|Any CPU
		{9BF07AA8-2654-4794-8C39-45A527F81CBE}.Release|ARM64.Build.0 = Release|Any CPU
		{9BF07AA8-2654-4794-8C39-45A527F81CBE}.Release|x64.ActiveCfg = Release|Any CPU
		{9BF07AA8-2654-4794-8C39-45A527F81CBE}.Release|x64.Build.0 = Release|Any CPU
		{9BF07AA8-2654-4794-8C39-45A527F81CBE}.Release|x86.ActiveCfg = Release|Any CPU
		{9BF07AA8-2654-4794-8C39-45A527F81CBE}.Release|x86.Build.0 = Release|Any CPU
		{DD235ACF-7CAC-452A-A4FB-4FA5DC96D7BB}.Debug|Any CPU.ActiveCfg = Debug|Any CPU
		{DD235ACF-7CAC-452A-A4FB-4FA5DC96D7BB}.Debug|Any CPU.Build.0 = Debug|Any CPU
		{DD235ACF-7CAC-452A-A4FB-4FA5DC96D7BB}.Debug|ARM.ActiveCfg = Debug|Any CPU
		{DD235ACF-7CAC-452A-A4FB-4FA5DC96D7BB}.Debug|ARM.Build.0 = Debug|Any CPU
		{DD235ACF-7CAC-452A-A4FB-4FA5DC96D7BB}.Debug|ARM64.ActiveCfg = Debug|Any CPU
		{DD235ACF-7CAC-452A-A4FB-4FA5DC96D7BB}.Debug|ARM64.Build.0 = Debug|Any CPU
		{DD235ACF-7CAC-452A-A4FB-4FA5DC96D7BB}.Debug|x64.ActiveCfg = Debug|Any CPU
		{DD235ACF-7CAC-452A-A4FB-4FA5DC96D7BB}.Debug|x64.Build.0 = Debug|Any CPU
		{DD235ACF-7CAC-452A-A4FB-4FA5DC96D7BB}.Debug|x86.ActiveCfg = Debug|Any CPU
		{DD235ACF-7CAC-452A-A4FB-4FA5DC96D7BB}.Debug|x86.Build.0 = Debug|Any CPU
		{DD235ACF-7CAC-452A-A4FB-4FA5DC96D7BB}.Release|Any CPU.ActiveCfg = Release|Any CPU
		{DD235ACF-7CAC-452A-A4FB-4FA5DC96D7BB}.Release|Any CPU.Build.0 = Release|Any CPU
		{DD235ACF-7CAC-452A-A4FB-4FA5DC96D7BB}.Release|ARM.ActiveCfg = Release|Any CPU
		{DD235ACF-7CAC-452A-A4FB-4FA5DC96D7BB}.Release|ARM.Build.0 = Release|Any CPU
		{DD235ACF-7CAC-452A-A4FB-4FA5DC96D7BB}.Release|ARM64.ActiveCfg = Release|Any CPU
		{DD235ACF-7CAC-452A-A4FB-4FA5DC96D7BB}.Release|ARM64.Build.0 = Release|Any CPU
		{DD235ACF-7CAC-452A-A4FB-4FA5DC96D7BB}.Release|x64.ActiveCfg = Release|Any CPU
		{DD235ACF-7CAC-452A-A4FB-4FA5DC96D7BB}.Release|x64.Build.0 = Release|Any CPU
		{DD235ACF-7CAC-452A-A4FB-4FA5DC96D7BB}.Release|x86.ActiveCfg = Release|Any CPU
		{DD235ACF-7CAC-452A-A4FB-4FA5DC96D7BB}.Release|x86.Build.0 = Release|Any CPU
		{61F09D5A-898F-4D37-9B0D-7C3A6D2C5105}.Debug|Any CPU.ActiveCfg = Debug|Any CPU
		{61F09D5A-898F-4D37-9B0D-7C3A6D2C5105}.Debug|Any CPU.Build.0 = Debug|Any CPU
		{61F09D5A-898F-4D37-9B0D-7C3A6D2C5105}.Debug|ARM.ActiveCfg = Debug|Any CPU
		{61F09D5A-898F-4D37-9B0D-7C3A6D2C5105}.Debug|ARM.Build.0 = Debug|Any CPU
		{61F09D5A-898F-4D37-9B0D-7C3A6D2C5105}.Debug|ARM64.ActiveCfg = Debug|Any CPU
		{61F09D5A-898F-4D37-9B0D-7C3A6D2C5105}.Debug|ARM64.Build.0 = Debug|Any CPU
		{61F09D5A-898F-4D37-9B0D-7C3A6D2C5105}.Debug|x64.ActiveCfg = Debug|Any CPU
		{61F09D5A-898F-4D37-9B0D-7C3A6D2C5105}.Debug|x64.Build.0 = Debug|Any CPU
		{61F09D5A-898F-4D37-9B0D-7C3A6D2C5105}.Debug|x86.ActiveCfg = Debug|Any CPU
		{61F09D5A-898F-4D37-9B0D-7C3A6D2C5105}.Debug|x86.Build.0 = Debug|Any CPU
		{61F09D5A-898F-4D37-9B0D-7C3A6D2C5105}.Release|Any CPU.ActiveCfg = Release|Any CPU
		{61F09D5A-898F-4D37-9B0D-7C3A6D2C5105}.Release|Any CPU.Build.0 = Release|Any CPU
		{61F09D5A-898F-4D37-9B0D-7C3A6D2C5105}.Release|ARM.ActiveCfg = Release|Any CPU
		{61F09D5A-898F-4D37-9B0D-7C3A6D2C5105}.Release|ARM.Build.0 = Release|Any CPU
		{61F09D5A-898F-4D37-9B0D-7C3A6D2C5105}.Release|ARM64.ActiveCfg = Release|Any CPU
		{61F09D5A-898F-4D37-9B0D-7C3A6D2C5105}.Release|ARM64.Build.0 = Release|Any CPU
		{61F09D5A-898F-4D37-9B0D-7C3A6D2C5105}.Release|x64.ActiveCfg = Release|Any CPU
		{61F09D5A-898F-4D37-9B0D-7C3A6D2C5105}.Release|x64.Build.0 = Release|Any CPU
		{61F09D5A-898F-4D37-9B0D-7C3A6D2C5105}.Release|x86.ActiveCfg = Release|Any CPU
		{61F09D5A-898F-4D37-9B0D-7C3A6D2C5105}.Release|x86.Build.0 = Release|Any CPU
	EndGlobalSection
	GlobalSection(SolutionProperties) = preSolution
		HideSolutionNode = FALSE
	EndGlobalSection
	GlobalSection(ExtensibilityGlobals) = postSolution
		SolutionGuid = {BCE30DD7-0BAC-471D-9D24-83569F252429}
	EndGlobalSection
EndGlobal
